{
  "bin/coverage_branches:2666843168": [
    [55, 15, 4, "Security/Eval: The use of `eval` is a serious security risk.", 2087429787],
    [60, 15, 4, "Security/Eval: The use of `eval` is a serious security risk.", 2087429787]
  ],
  "lib/bash/merge/debug_logger.rb:987218959": [
    [25, 7, 425, "Style/ClassMethodsDefinitions: Use `class << self` to define a class method.", 3682719571]
  ],
  "lib/bash/merge/file_analysis.rb:2778852318": [
    [41, 7, 280, "Style/ClassMethodsDefinitions: Use `class << self` to define a class method.", 2111416180],
    [183, 9, 90, "Lint/RescueException: Avoid rescuing the `Exception` class. Perhaps you meant to rescue `StandardError`?", 1960024023]
  ],
  "spec/bash/version_spec.rb:2219248755": [
    [3, 1, 35, "RSpec/SpecFilePathFormat: Spec path should end with `bash/merge/version*_spec.rb`.", 1403034667]
  ]
}
